
Microsoft Visual Studio Solution File, Format Version 12.00
# Visual Studio Version 16
VisualStudioVersion = 16.0.30225.117
MinimumVisualStudioVersion = 10.0.40219.1
Project("{9A19103F-16F7-4668-BE54-9A1E7A4F7556}") = "OCMS03", "OCMS03\OCMS03.csproj", "{FB3F63BA-80AF-42FD-B84D-2C322595A037}"
EndProject
Global
	GlobalSection(SolutionConfigurationPlatforms) = preSolution
		Debug|Any CPU = Debug|Any CPU
		Release|Any CPU = Release|Any CPU
	EndGlobalSection
	GlobalSection(ProjectConfigurationPlatforms) = postSolution
		{FB3F63BA-80AF-42FD-B84D-2C322595A037}.Debug|Any CPU.ActiveCfg = Debug|Any CPU
		{FB3F63BA-80AF-42FD-B84D-2C322595A037}.Debug|Any CPU.Build.0 = Debug|Any CPU
		{FB3F63BA-80AF-42FD-B84D-2C322595A037}.Release|Any CPU.ActiveCfg = Release|Any CPU
		{FB3F63BA-80AF-42FD-B84D-2C322595A037}.Release|Any CPU.Build.0 = Release|Any CPU
	EndGlobalSection
	GlobalSection(SolutionProperties) = preSolution
		HideSolutionNode = FALSE
	EndGlobalSection
	GlobalSection(ExtensibilityGlobals) = postSolution
		SolutionGuid = {A411B3C3-1F20-4CDE-8902-6C233E24CD1A}
	EndGlobalSection
EndGlobal
